
Microsoft Visual Studio Solution File, Format Version 12.00
# Visual Studio Version 16
VisualStudioVersion = 16.0.31729.503
MinimumVisualStudioVersion = 10.0.40219.1
Project("{8BC9CEB8-8B4A-11D0-8D11-00A0C91BC942}") = "zUtilities", "zUtilities\zUtilities.vcxproj", "{9FCDADBE-B5FD-4087-AB97-EAB10A902DE6}"
EndProject
Global
	GlobalSection(SolutionConfigurationPlatforms) = preSolution
		G1 Debug|x86 = G1 Debug|x86
		G1 MD Release|x86 = G1 MD Release|x86
		G1 MT Release|x86 = G1 MT Release|x86
		G1A Debug|x86 = G1A Debug|x86
		G1A MD Release|x86 = G1A MD Release|x86
		G1A MT Release|x86 = G1A MT Release|x86
		G2 Debug|x86 = G2 Debug|x86
		G2 MD Release|x86 = G2 MD Release|x86
		G2 MT Release|x86 = G2 MT Release|x86
		G2A Debug|x86 = G2A Debug|x86
		G2A MD Release|x86 = G2A MD Release|x86
		G2A MT Release|x86 = G2A MT Release|x86
		MP x2 Debug|x86 = MP x2 Debug|x86
		MP x2 MD Release|x86 = MP x2 MD Release|x86
		MP x2 MT Release|x86 = MP x2 MT Release|x86
		MP x4 Debug|x86 = MP x4 Debug|x86
		MP x4 MD Release|x86 = MP x4 MD Release|x86
		MP x4 MT Release|x86 = MP x4 MT Release|x86
	EndGlobalSection
	GlobalSection(ProjectConfigurationPlatforms) = postSolution
		{9FCDADBE-B5FD-4087-AB97-EAB10A902DE6}.G1 Debug|x86.ActiveCfg = G1 Debug|Win32
		{9FCDADBE-B5FD-4087-AB97-EAB10A902DE6}.G1 Debug|x86.Build.0 = G1 Debug|Win32
		{9FCDADBE-B5FD-4087-AB97-EAB10A902DE6}.G1 MD Release|x86.ActiveCfg = G1 MD Release|Win32
		{9FCDADBE-B5FD-4087-AB97-EAB10A902DE6}.G1 MD Release|x86.Build.0 = G1 MD Release|Win32
		{9FCDADBE-B5FD-4087-AB97-EAB10A902DE6}.G1 MT Release|x86.ActiveCfg = G1 MT Release|Win32
		{9FCDADBE-B5FD-4087-AB97-EAB10A902DE6}.G1 MT Release|x86.Build.0 = G1 MT Release|Win32
		{9FCDADBE-B5FD-4087-AB97-EAB10A902DE6}.G1A Debug|x86.ActiveCfg = G1A Debug|Win32
		{9FCDADBE-B5FD-4087-AB97-EAB10A902DE6}.G1A Debug|x86.Build.0 = G1A Debug|Win32
		{9FCDADBE-B5FD-4087-AB97-EAB10A902DE6}.G1A MD Release|x86.ActiveCfg = G1A MD Release|Win32
		{9FCDADBE-B5FD-4087-AB97-EAB10A902DE6}.G1A MD Release|x86.Build.0 = G1A MD Release|Win32
		{9FCDADBE-B5FD-4087-AB97-EAB10A902DE6}.G1A MT Release|x86.ActiveCfg = G1A MT Release|Win32
		{9FCDADBE-B5FD-4087-AB97-EAB10A902DE6}.G1A MT Release|x86.Build.0 = G1A MT Release|Win32
		{9FCDADBE-B5FD-4087-AB97-EAB10A902DE6}.G2 Debug|x86.ActiveCfg = G2 Debug|Win32
		{9FCDADBE-B5FD-4087-AB97-EAB10A902DE6}.G2 Debug|x86.Build.0 = G2 Debug|Win32
		{9FCDADBE-B5FD-4087-AB97-EAB10A902DE6}.G2 MD Release|x86.ActiveCfg = G2 MD Release|Win32
		{9FCDADBE-B5FD-4087-AB97-EAB10A902DE6}.G2 MD Release|x86.Build.0 = G2 MD Release|Win32
		{9FCDADBE-B5FD-4087-AB97-EAB10A902DE6}.G2 MT Release|x86.ActiveCfg = G2 MT Release|Win32
		{9FCDADBE-B5FD-4087-AB97-EAB10A902DE6}.G2 MT Release|x86.Build.0 = G2 MT Release|Win32
		{9FCDADBE-B5FD-4087-AB97-EAB10A902DE6}.G2A Debug|x86.ActiveCfg = G2A Debug|Win32
		{9FCDADBE-B5FD-4087-AB97-EAB10A902DE6}.G2A Debug|x86.Build.0 = G2A Debug|Win32
		{9FCDADBE-B5FD-4087-AB97-EAB10A902DE6}.G2A MD Release|x86.ActiveCfg = G2A MD Release|Win32
		{9FCDADBE-B5FD-4087-AB97-EAB10A902DE6}.G2A MD Release|x86.Build.0 = G2A MD Release|Win32
		{9FCDADBE-B5FD-4087-AB97-EAB10A902DE6}.G2A MT Release|x86.ActiveCfg = G2A MT Release|Win32
		{9FCDADBE-B5FD-4087-AB97-EAB10A902DE6}.G2A MT Release|x86.Build.0 = G2A MT Release|Win32
		{9FCDADBE-B5FD-4087-AB97-EAB10A902DE6}.MP x2 Debug|x86.ActiveCfg = MP x2 Debug|Win32
		{9FCDADBE-B5FD-4087-AB97-EAB10A902DE6}.MP x2 Debug|x86.Build.0 = MP x2 Debug|Win32
		{9FCDADBE-B5FD-4087-AB97-EAB10A902DE6}.MP x2 MD Release|x86.ActiveCfg = MP x2 MD Release|Win32
		{9FCDADBE-B5FD-4087-AB97-EAB10A902DE6}.MP x2 MD Release|x86.Build.0 = MP x2 MD Release|Win32
		{9FCDADBE-B5FD-4087-AB97-EAB10A902DE6}.MP x2 MT Release|x86.ActiveCfg = MP x2 MT Release|Win32
		{9FCDADBE-B5FD-4087-AB97-EAB10A902DE6}.MP x2 MT Release|x86.Build.0 = MP x2 MT Release|Win32
		{9FCDADBE-B5FD-4087-AB97-EAB10A902DE6}.MP x4 Debug|x86.ActiveCfg = MP x4 Debug|Win32
		{9FCDADBE-B5FD-4087-AB97-EAB10A902DE6}.MP x4 Debug|x86.Build.0 = MP x4 Debug|Win32
		{9FCDADBE-B5FD-4087-AB97-EAB10A902DE6}.MP x4 MD Release|x86.ActiveCfg = MP x4 MD Release|Win32
		{9FCDADBE-B5FD-4087-AB97-EAB10A902DE6}.MP x4 MD Release|x86.Build.0 = MP x4 MD Release|Win32
		{9FCDADBE-B5FD-4087-AB97-EAB10A902DE6}.MP x4 MT Release|x86.ActiveCfg = MP x4 MT Release|Win32
		{9FCDADBE-B5FD-4087-AB97-EAB10A902DE6}.MP x4 MT Release|x86.Build.0 = MP x4 MT Release|Win32
	EndGlobalSection
	GlobalSection(SolutionProperties) = preSolution
		HideSolutionNode = FALSE
	EndGlobalSection
	GlobalSection(ExtensibilityGlobals) = postSolution
		SolutionGuid = {57C1332E-977D-472A-8DA1-14940952871B}
	EndGlobalSection
EndGlobal
